
Microsoft Visual Studio Solution File, Format Version 12.00
# Visual Studio Version 17
VisualStudioVersion = 17.2.32519.379
MinimumVisualStudioVersion = 10.0.40219.1
Project("{FAE04EC0-301F-11D3-BF4B-00C04F79EFBC}") = "PrySilvaIE", "PrySilvaIE\PrySilvaIE.csproj", "{26CD72B8-8C43-473A-9D91-EBD2D9851647}"
EndProject
Global
	GlobalSection(SolutionConfigurationPlatforms) = preSolution
		Debug|Any CPU = Debug|Any CPU
		Release|Any CPU = Release|Any CPU
	EndGlobalSection
	GlobalSection(ProjectConfigurationPlatforms) = postSolution
		{26CD72B8-8C43-473A-9D91-EBD2D9851647}.Debug|Any CPU.ActiveCfg = Debug|Any CPU
		{26CD72B8-8C43-473A-9D91-EBD2D9851647}.Debug|Any CPU.Build.0 = Debug|Any CPU
		{26CD72B8-8C43-473A-9D91-EBD2D9851647}.Release|Any CPU.ActiveCfg = Release|Any CPU
		{26CD72B8-8C43-473A-9D91-EBD2D9851647}.Release|Any CPU.Build.0 = Release|Any CPU
	EndGlobalSection
	GlobalSection(SolutionProperties) = preSolution
		HideSolutionNode = FALSE
	EndGlobalSection
	GlobalSection(ExtensibilityGlobals) = postSolution
		SolutionGuid = {5F579662-AEDB-421F-A671-BB442E1DD720}
	EndGlobalSection
EndGlobal
